id: lilacsat_serial_sink_pdu
label: Serial Sink PDU
category: '[Lilacsat]'
templates:
  imports: import lilacsat
  make: lilacsat.serial_sink_pdu(${path}, ${baudrate}, ${debug})
parameters:
- id: path
  label: Path
  dtype: string
  default: /dev/ttyUSB0
- id: baudrate
  label: Baudrate
  dtype: int
  default: 9600
- id: debug
  label: Debug
  dtype: bool
  default: 'True'
  options: ['False', 'True']
  option_labels: ['Off', 'On']
inputs:
- domain: message
  id: in
file_format: 1
